
Microsoft Visual Studio Solution File, Format Version 12.00
# Visual Studio Version 17
VisualStudioVersion = 17.7.34031.279
MinimumVisualStudioVersion = 10.0.40219.1
Project("{9A19103F-16F7-4668-BE54-9A1E7A4F7556}") = "EcommerceProject.ENTITIES", "EcommerceProject.ENTITIES\EcommerceProject.ENTITIES.csproj", "{F2F5C363-055D-4CB1-A37E-5F1CDE94EEF3}"
EndProject
Project("{9A19103F-16F7-4668-BE54-9A1E7A4F7556}") = "EcommerceProject.DAL", "EcommerceProject.DAL\EcommerceProject.DAL.csproj", "{053380AE-DFCF-4D85-BAC8-C42C66C533C2}"
EndProject
Project("{9A19103F-16F7-4668-BE54-9A1E7A4F7556}") = "EcommerceProject.BLL", "EcommerceProject.BLL\EcommerceProject.BLL.csproj", "{A7A3F783-89C2-4E5F-A457-A01314673E69}"
EndProject
Project("{9A19103F-16F7-4668-BE54-9A1E7A4F7556}") = "EcommerceProject.UI", "EcommerceProject.UI\EcommerceProject.UI.csproj", "{B06DD5C9-1A86-4B92-80A1-B22A6077DF06}"
EndProject
Project("{FAE04EC0-301F-11D3-BF4B-00C04F79EFBC}") = "EcommerceProject.WebAPI", "EcommerceProject.WebAPI\EcommerceProject.WebAPI.csproj", "{58B79C3A-BAF7-4F8F-BF4D-382D74225F5F}"
EndProject
Global
	GlobalSection(SolutionConfigurationPlatforms) = preSolution
		Debug|Any CPU = Debug|Any CPU
		Release|Any CPU = Release|Any CPU
	EndGlobalSection
	GlobalSection(ProjectConfigurationPlatforms) = postSolution
		{F2F5C363-055D-4CB1-A37E-5F1CDE94EEF3}.Debug|Any CPU.ActiveCfg = Debug|Any CPU
		{F2F5C363-055D-4CB1-A37E-5F1CDE94EEF3}.Debug|Any CPU.Build.0 = Debug|Any CPU
		{F2F5C363-055D-4CB1-A37E-5F1CDE94EEF3}.Release|Any CPU.ActiveCfg = Release|Any CPU
		{F2F5C363-055D-4CB1-A37E-5F1CDE94EEF3}.Release|Any CPU.Build.0 = Release|Any CPU
		{053380AE-DFCF-4D85-BAC8-C42C66C533C2}.Debug|Any CPU.ActiveCfg = Debug|Any CPU
		{053380AE-DFCF-4D85-BAC8-C42C66C533C2}.Debug|Any CPU.Build.0 = Debug|Any CPU
		{053380AE-DFCF-4D85-BAC8-C42C66C533C2}.Release|Any CPU.ActiveCfg = Release|Any CPU
		{053380AE-DFCF-4D85-BAC8-C42C66C533C2}.Release|Any CPU.Build.0 = Release|Any CPU
		{A7A3F783-89C2-4E5F-A457-A01314673E69}.Debug|Any CPU.ActiveCfg = Debug|Any CPU
		{A7A3F783-89C2-4E5F-A457-A01314673E69}.Debug|Any CPU.Build.0 = Debug|Any CPU
		{A7A3F783-89C2-4E5F-A457-A01314673E69}.Release|Any CPU.ActiveCfg = Release|Any CPU
		{A7A3F783-89C2-4E5F-A457-A01314673E69}.Release|Any CPU.Build.0 = Release|Any CPU
		{B06DD5C9-1A86-4B92-80A1-B22A6077DF06}.Debug|Any CPU.ActiveCfg = Debug|Any CPU
		{B06DD5C9-1A86-4B92-80A1-B22A6077DF06}.Debug|Any CPU.Build.0 = Debug|Any CPU
		{B06DD5C9-1A86-4B92-80A1-B22A6077DF06}.Release|Any CPU.ActiveCfg = Release|Any CPU
		{B06DD5C9-1A86-4B92-80A1-B22A6077DF06}.Release|Any CPU.Build.0 = Release|Any CPU
		{58B79C3A-BAF7-4F8F-BF4D-382D74225F5F}.Debug|Any CPU.ActiveCfg = Debug|Any CPU
		{58B79C3A-BAF7-4F8F-BF4D-382D74225F5F}.Debug|Any CPU.Build.0 = Debug|Any CPU
		{58B79C3A-BAF7-4F8F-BF4D-382D74225F5F}.Release|Any CPU.ActiveCfg = Release|Any CPU
		{58B79C3A-BAF7-4F8F-BF4D-382D74225F5F}.Release|Any CPU.Build.0 = Release|Any CPU
	EndGlobalSection
	GlobalSection(SolutionProperties) = preSolution
		HideSolutionNode = FALSE
	EndGlobalSection
	GlobalSection(ExtensibilityGlobals) = postSolution
		SolutionGuid = {C67BC94F-0847-4C83-8294-E9E87BF457E4}
	EndGlobalSection
EndGlobal
